{
  "version": 4,
  "terraform_version": "1.9.8",
  "serial": 24,
  "lineage": "9209e2f0-e89f-3512-6a0e-d48f8172fde0",
  "outputs": {},
  "resources": [
    {
      "mode": "managed",
      "type": "local_file",
      "name": "Nature",
      "provider": "provider[\"registry.terraform.io/hashicorp/local\"]",
      "instances": [
        {
          "schema_version": 0,
          "attributes": {
            "content": "I love farming and nature!",
            "content_base64": null,
            "content_base64sha256": "rrDX/+FP4f+psndEaHBvLnjbNr1EA5acf4cpcdh9uU4=",
            "content_base64sha512": "fbyuTQFAu51heHwZw2NH8GtTuUo01fLBXPw1KZre9zSC/Te7mA+Co1rzYd6MHZu98C3le6LYTKDzm+IRVvWA9Q==",
            "content_md5": "06b41349a9192386924f1640a4e6bb9b",
            "content_sha1": "82e08fec1d605caef2ac3c76ad6667bad8a67cff",
            "content_sha256": "aeb0d7ffe14fe1ffa9b2774468706f2e78db36bd4403969c7f872971d87db94e",
            "content_sha512": "7dbcae4d0140bb9d61787c19c36347f06b53b94a34d5f2c15cfc35299adef73482fd37bb980f82a35af361de8c1d9bbdf02de57ba2d84ca0f39be21156f580f5",
            "directory_permission": "0777",
            "file_permission": "0777",
            "filename": "C:/Desktop/DevOps-complete/Terraform/farming5.txt",
            "id": "82e08fec1d605caef2ac3c76ad6667bad8a67cff",
            "sensitive_content": null,
            "source": null
          },
          "sensitive_attributes": [
            [
              {
                "type": "get_attr",
                "value": "sensitive_content"
              }
            ]
          ]
        }
      ]
    },
    {
      "mode": "managed",
      "type": "local_sensitive_file",
      "name": "Rain",
      "provider": "provider[\"registry.terraform.io/hashicorp/local\"]",
      "instances": [
        {
          "schema_version": 0,
          "attributes": {
            "content": "Today it's raining like cats and dogs",
            "content_base64": null,
            "content_base64sha256": "D/ELPKgV4nmrPqY2SaDKdntot0hFzC3DC2Jj+89ZdYM=",
            "content_base64sha512": "45DzeEuEx3ZqlnXzECrfPdbzPXj1ms/gd3tnGyjdi+R+0+2e2WwfyDktGNXLf7f/FLAZNa7QCS2GJG3uSc38+A==",
            "content_md5": "f8918bacb7004fa45c9b590b63d2b57c",
            "content_sha1": "05cfec388ae2ecc73c46e307cfbae5239bdd4784",
            "content_sha256": "0ff10b3ca815e279ab3ea63649a0ca767b68b74845cc2dc30b6263fbcf597583",
            "content_sha512": "e390f3784b84c7766a9675f3102adf3dd6f33d78f59acfe0777b671b28dd8be47ed3ed9ed96c1fc8392d18d5cb7fb7ff14b01935aed0092d86246dee49cdfcf8",
            "directory_permission": "0700",
            "file_permission": "0700",
            "filename": "C:/Desktop/DevOps-complete/Terraform/Raining.txt",
            "id": "05cfec388ae2ecc73c46e307cfbae5239bdd4784",
            "source": null
          },
          "sensitive_attributes": [
            [
              {
                "type": "get_attr",
                "value": "content"
              }
            ],
            [
              {
                "type": "get_attr",
                "value": "content_base64"
              }
            ]
          ]
        }
      ]
    }
  ],
  "check_results": null
}
