{
  "version": 4,
  "terraform_version": "1.9.8",
  "serial": 24,
  "lineage": "1c51a19e-bd0d-d449-1468-7f69bbb5b426",
  "outputs": {},
  "resources": [
    {
      "mode": "managed",
      "type": "local_file",
      "name": "pet",
      "provider": "provider[\"registry.terraform.io/hashicorp/local\"]",
      "instances": [
        {
          "schema_version": 0,
          "attributes": {
            "content": "I love farming and nature!",
            "content_base64": null,
            "content_base64sha256": "rrDX/+FP4f+psndEaHBvLnjbNr1EA5acf4cpcdh9uU4=",
            "content_base64sha512": "fbyuTQFAu51heHwZw2NH8GtTuUo01fLBXPw1KZre9zSC/Te7mA+Co1rzYd6MHZu98C3le6LYTKDzm+IRVvWA9Q==",
            "content_md5": "06b41349a9192386924f1640a4e6bb9b",
            "content_sha1": "82e08fec1d605caef2ac3c76ad6667bad8a67cff",
            "content_sha256": "aeb0d7ffe14fe1ffa9b2774468706f2e78db36bd4403969c7f872971d87db94e",
            "content_sha512": "7dbcae4d0140bb9d61787c19c36347f06b53b94a34d5f2c15cfc35299adef73482fd37bb980f82a35af361de8c1d9bbdf02de57ba2d84ca0f39be21156f580f5",
            "directory_permission": "0777",
            "file_permission": "0777",
            "filename": "C:/Desktop/DevOps-complete/Terraform/farming5.txt",
            "id": "82e08fec1d605caef2ac3c76ad6667bad8a67cff",
            "sensitive_content": null,
            "source": null
          },
          "sensitive_attributes": [
            [
              {
                "type": "get_attr",
                "value": "sensitive_content"
              }
            ]
          ]
        }
      ]
    },
    {
      "mode": "managed",
      "type": "random_pet",
      "name": "my-pet3",
      "provider": "provider[\"registry.terraform.io/hashicorp/random\"]",
      "instances": [
        {
          "schema_version": 0,
          "attributes": {
            "id": "Mr.wombat",
            "keepers": null,
            "length": 1,
            "prefix": "Mr",
            "separator": "."
          },
          "sensitive_attributes": []
        }
      ]
    }
  ],
  "check_results": null
}
